
Microsoft Visual Studio Solution File, Format Version 12.00
# Visual Studio Version 17
VisualStudioVersion = 17.7.34003.232
MinimumVisualStudioVersion = 10.0.40219.1
Project("{FAE04EC0-301F-11D3-BF4B-00C04F79EFBC}") = "MusicPlayer", "MusicPlayer\MusicPlayer.csproj", "{206DB308-BBED-42F2-A64A-801B16F7A691}"
EndProject
Global
	GlobalSection(SolutionConfigurationPlatforms) = preSolution
		Debug|Any CPU = Debug|Any CPU
		Release|Any CPU = Release|Any CPU
	EndGlobalSection
	GlobalSection(ProjectConfigurationPlatforms) = postSolution
		{206DB308-BBED-42F2-A64A-801B16F7A691}.Debug|Any CPU.ActiveCfg = Debug|Any CPU
		{206DB308-BBED-42F2-A64A-801B16F7A691}.Debug|Any CPU.Build.0 = Debug|Any CPU
		{206DB308-BBED-42F2-A64A-801B16F7A691}.Release|Any CPU.ActiveCfg = Release|Any CPU
		{206DB308-BBED-42F2-A64A-801B16F7A691}.Release|Any CPU.Build.0 = Release|Any CPU
	EndGlobalSection
	GlobalSection(SolutionProperties) = preSolution
		HideSolutionNode = FALSE
	EndGlobalSection
	GlobalSection(ExtensibilityGlobals) = postSolution
		SolutionGuid = {4A5111A6-1C31-4FE6-B85B-65E547BE2A17}
	EndGlobalSection
EndGlobal
