
Microsoft Visual Studio Solution File, Format Version 12.00
# Visual Studio Version 17
VisualStudioVersion = 17.7.34003.232
MinimumVisualStudioVersion = 10.0.40219.1
Project("{FAE04EC0-301F-11D3-BF4B-00C04F79EFBC}") = "Builder", "Builder\Builder.csproj", "{61B72ECE-C9EB-405E-9E56-FC7B93E9B0BE}"
EndProject
Project("{2150E333-8FDC-42A3-9474-1A3956D46DE8}") = "Solution Items", "Solution Items", "{538BB53D-8972-48C2-90E3-ACEEE3E39E1F}"
	ProjectSection(SolutionItems) = preProject
		.editorconfig = .editorconfig
	EndProjectSection
EndProject
Global
	GlobalSection(SolutionConfigurationPlatforms) = preSolution
		Debug|Any CPU = Debug|Any CPU
		Release|Any CPU = Release|Any CPU
	EndGlobalSection
	GlobalSection(ProjectConfigurationPlatforms) = postSolution
		{61B72ECE-C9EB-405E-9E56-FC7B93E9B0BE}.Debug|Any CPU.ActiveCfg = Debug|Any CPU
		{61B72ECE-C9EB-405E-9E56-FC7B93E9B0BE}.Debug|Any CPU.Build.0 = Debug|Any CPU
		{61B72ECE-C9EB-405E-9E56-FC7B93E9B0BE}.Release|Any CPU.ActiveCfg = Release|Any CPU
		{61B72ECE-C9EB-405E-9E56-FC7B93E9B0BE}.Release|Any CPU.Build.0 = Release|Any CPU
	EndGlobalSection
	GlobalSection(SolutionProperties) = preSolution
		HideSolutionNode = FALSE
	EndGlobalSection
	GlobalSection(ExtensibilityGlobals) = postSolution
		SolutionGuid = {3FEFD0EF-76A9-48EF-845D-81833A881F83}
	EndGlobalSection
EndGlobal
